version=v0.1.0
commit=18319f636bce4f6cb7ad4f60cb6a28b68c692bb6
darwin-amd64=77a2d36060f07bebff4f488d4cee02ad1d7346b4bb649f461021dd5a8d3b0f3f
darwin-arm64=187d1dd5f28dc5ea693054ffcb83c0603ca5446d2a5bc6e5f56573cdfd53ea3a
linux-amd64=84a467fec94904ad70e423c383156d4067f63b0261497150817c3a58bd181479
linux-arm64=29e105d635bc99d894e733a83c0ff064c9763a304a62cd99d31ee8228d484bc1
