version=v0.1.0
commit=671af41ea4136a995180bce20c0d540205e780eb
aarch64-apple-darwin=3593bf4fa12a757a82e009a43c4757333664fa9d64141798ce4b03cd22ae6ec2
x86_64-apple-darwin=c741654014cda0cdd988dc09f35f26f10c0a3a3ce2f70f5abb330c67e05288b4
aarch64-unknown-linux-gnu=1c95c3126bea14c969bfaa279d29496ba994cb5ec583a195528895b8b4e3e218
x86_64-unknown-linux-gnu=a2969ebf4e92252fdb7a9e9d6663baaf3c8c1c6c409024d562286fb9e7cab5f1
