version=v0.1.1
commit=38ab4ea3592573b7ae10766139a86f33b8dc2bf3
aarch64-apple-darwin=9a65c7530867472531ed1fbd45f0bbb762663b788ed0076003f0aeff42f64fa7
x86_64-apple-darwin=a63e957bf18e260812e862b34d56184a1ce637a020d92710966627ee2c3559ed
aarch64-unknown-linux-gnu=a14526ac0ed53cf23728d91b59a12a74c5a82c379f3835be4e82743cb5de1d6b
x86_64-unknown-linux-gnu=6a3a9b289b2c0e87a5d00b1a236246f235c95c7b9bd988a0101ea65ef1005d34
